
Microsoft Visual Studio Solution File, Format Version 12.00
# Visual Studio 15
VisualStudioVersion = 15.0.27130.2036
MinimumVisualStudioVersion = 10.0.40219.1
Project("{9092AA53-FB77-4645-B42D-1CCCA6BD08BD}") = "VSGetStarted", "VSGetStarted\VSGetStarted.njsproj", "{7F3A144C-5CE2-4639-95FB-CD4F9B87D32E}"
EndProject
Global
	GlobalSection(SolutionConfigurationPlatforms) = preSolution
		Debug|Any CPU = Debug|Any CPU
		Release|Any CPU = Release|Any CPU
	EndGlobalSection
	GlobalSection(ProjectConfigurationPlatforms) = postSolution
		{7F3A144C-5CE2-4639-95FB-CD4F9B87D32E}.Debug|Any CPU.ActiveCfg = Debug|Any CPU
		{7F3A144C-5CE2-4639-95FB-CD4F9B87D32E}.Debug|Any CPU.Build.0 = Debug|Any CPU
		{7F3A144C-5CE2-4639-95FB-CD4F9B87D32E}.Release|Any CPU.ActiveCfg = Release|Any CPU
		{7F3A144C-5CE2-4639-95FB-CD4F9B87D32E}.Release|Any CPU.Build.0 = Release|Any CPU
	EndGlobalSection
	GlobalSection(SolutionProperties) = preSolution
		HideSolutionNode = FALSE
	EndGlobalSection
	GlobalSection(ExtensibilityGlobals) = postSolution
		SolutionGuid = {F9344F9C-8928-4B99-ADCB-3F2E0AC6EAA6}
	EndGlobalSection
EndGlobal
